<?xml version="1.0" encoding="utf-8"?>
<Project ToolsVersion="4.0" xmlns="http://schemas.microsoft.com/developer/msbuild/2003">
  <ItemGroup>
    <Filter Include="Resource Files">
      <UniqueIdentifier>{22698feb-64be-44db-99b8-ba7399ba05c0}</UniqueIdentifier>
      <Extensions>rc;ico;cur;bmp;dlg;rc2;rct;bin;rgs;gif;jpg;jpeg;jpe</Extensions>
    </Filter>
    <Filter Include="Source Files">
      <UniqueIdentifier>{413a283d-304d-4a9e-9516-926f9a4e381c}</UniqueIdentifier>
    </Filter>
    <Filter Include="Header Files">
      <UniqueIdentifier>{52f26d1e-42e6-48d3-a769-14a7b67f36a3}</UniqueIdentifier>
      <Extensions>cpp;c;cxx;def;odl;idl;hpj;bat;asm</Extensions>
    </Filter>
  </ItemGroup>
  <ItemGroup>
    <ClCompile Include="..\src\Wave_VRC7.cpp">
      <Filter>Source Files</Filter>
    </ClCompile>
    <ClCompile Include="..\src\VRC7Dlg.cpp">
      <Filter>Source Files</Filter>
    </ClCompile>
    <ClCompile Include="..\src\NSF.cpp">
      <Filter>Source Files</Filter>
    </ClCompile>
    <ClCompile Include="..\src\VRC6Dlg.cpp">
      <Filter>Source Files</Filter>
    </ClCompile>
    <ClCompile Include="..\src\CFDSWave.cpp">
      <Filter>Source Files</Filter>
    </ClCompile>
    <ClCompile Include="..\src\CFME07Wave.cpp">
      <Filter>Source Files</Filter>
    </ClCompile>
    <ClCompile Include="..\src\ChannelsDlg.cpp">
      <Filter>Source Files</Filter>
    </ClCompile>
    <ClCompile Include="..\src\CN106Wave.cpp">
      <Filter>Source Files</Filter>
    </ClCompile>
    <ClCompile Include="..\src\CMMC5SquareWave.cpp">
      <Filter>Source Files</Filter>
    </ClCompile>
    <ClCompile Include="..\src\CNSFCore.cpp">
      <Filter>Source Files</Filter>
    </ClCompile>
    <ClCompile Include="..\src\CNSFFile.cpp">
      <Filter>Source Files</Filter>
    </ClCompile>
    <ClCompile Include="..\src\Config.cpp">
      <Filter>Source Files</Filter>
    </ClCompile>
    <ClCompile Include="..\src\ConfigDlg.cpp">
      <Filter>Source Files</Filter>
    </ClCompile>
    <ClCompile Include="..\src\CSquareWaves.cpp">
      <Filter>Source Files</Filter>
    </ClCompile>
    <ClCompile Include="..\src\CVRC6PulseWave.cpp">
      <Filter>Source Files</Filter>
    </ClCompile>
    <ClCompile Include="..\src\CTNDWaves.cpp">
      <Filter>Source Files</Filter>
    </ClCompile>
    <ClCompile Include="..\src\FME07Dlg.cpp">
      <Filter>Source Files</Filter>
    </ClCompile>
    <ClCompile Include="..\src\CVRC6SawWave.cpp">
      <Filter>Source Files</Filter>
    </ClCompile>
    <ClCompile Include="..\src\fmopl.c">
      <Filter>Source Files</Filter>
    </ClCompile>
    <ClCompile Include="..\src\MainDlg.cpp">
      <Filter>Source Files</Filter>
    </ClCompile>
    <ClCompile Include="..\src\MMC5Dlg.cpp">
      <Filter>Source Files</Filter>
    </ClCompile>
    <ClCompile Include="..\src\MOS6502.cpp">
      <Filter>Source Files</Filter>
    </ClCompile>
    <ClCompile Include="..\src\N106Dlg.cpp">
      <Filter>Source Files</Filter>
    </ClCompile>
  </ItemGroup>
  <ItemGroup>
    <ClInclude Include="..\src\CFDSWave.h">
      <Filter>Header Files</Filter>
    </ClInclude>
    <ClInclude Include="..\src\CFME07Wave.h">
      <Filter>Header Files</Filter>
    </ClInclude>
    <ClInclude Include="..\src\CMMC5SquareWave.h">
      <Filter>Header Files</Filter>
    </ClInclude>
    <ClInclude Include="..\src\CN106Wave.h">
      <Filter>Header Files</Filter>
    </ClInclude>
    <ClInclude Include="..\src\CNSFCore.h">
      <Filter>Header Files</Filter>
    </ClInclude>
    <ClInclude Include="..\src\CNSFFile.h">
      <Filter>Header Files</Filter>
    </ClInclude>
    <ClInclude Include="..\src\CSquareWaves.h">
      <Filter>Header Files</Filter>
    </ClInclude>
    <ClInclude Include="..\src\CTNDWaves.h">
      <Filter>Header Files</Filter>
    </ClInclude>
    <ClInclude Include="..\src\CVRC6PulseWave.h">
      <Filter>Header Files</Filter>
    </ClInclude>
    <ClInclude Include="..\src\CVRC6SawWave.h">
      <Filter>Header Files</Filter>
    </ClInclude>
    <ClInclude Include="..\src\fmopl.h">
      <Filter>Header Files</Filter>
    </ClInclude>
    <ClInclude Include="..\src\GUI.h">
      <Filter>Header Files</Filter>
    </ClInclude>
    <ClInclude Include="..\src\NSF.h">
      <Filter>Header Files</Filter>
    </ClInclude>
    <ClInclude Include="..\src\resource.h">
      <Filter>Header Files</Filter>
    </ClInclude>
  </ItemGroup>
  <ItemGroup>
    <ResourceCompile Include="..\src\Resource.rc">
      <Filter>Resource Files</Filter>
    </ResourceCompile>
  </ItemGroup>
</Project>